version: 1
generated_at: 2026-06-15T13:15:02Z
internal: []
trusted:
  - action: actions/checkout
    refs:
      - df4cb1c069e1874edd31b4311f1884172cec0e10
    occurrences:
      df4cb1c069e1874edd31b4311f1884172cec0e10:
        .github/workflows/ci-template.yaml:
          - jobs.build.steps.[0].uses
        .github/workflows/ci.yaml:
          - jobs.compile-on-jdk8.steps.[0].uses
        .github/workflows/docs-check.yaml:
          - jobs.test-deploy.steps.[0].uses
        .github/workflows/helm-chart.yaml:
          - jobs.test-helm-chart.steps.[0].uses
        .github/workflows/license-check.yml:
          - jobs.build.steps.[0].uses
        .github/workflows/unstable-test-reporter.yaml:
          - jobs.report.steps.[0].uses
  - action: actions/setup-java
    refs:
      - be666c2fcd27ec809703dec50e508c2fdc7f6654
    occurrences:
      be666c2fcd27ec809703dec50e508c2fdc7f6654:
        .github/workflows/ci-template.yaml:
          - jobs.build.steps.[1].uses
        .github/workflows/ci.yaml:
          - jobs.compile-on-jdk8.steps.[1].uses
        .github/workflows/license-check.yml:
          - jobs.build.steps.[1].uses
  - action: actions/setup-node
    refs:
      - 48b55a011bda9f5d6aeb4c2d9c7362e8dae4041e
    occurrences:
      48b55a011bda9f5d6aeb4c2d9c7362e8dae4041e:
        .github/workflows/docs-check.yaml:
          - jobs.test-deploy.steps.[3].uses
  - action: actions/setup-python
    refs:
      - a26af69be951a213d495a4c3e4e4022e16d87065
    occurrences:
      a26af69be951a213d495a4c3e4e4022e16d87065:
        .github/workflows/unstable-test-reporter.yaml:
          - jobs.report.steps.[1].uses
  - action: actions/upload-artifact
    refs:
      - b7c566a772e6b6bfb58ed0dc250532a479d7789f
    occurrences:
      b7c566a772e6b6bfb58ed0dc250532a479d7789f:
        .github/workflows/ci-template.yaml:
          - jobs.build.steps.[4].uses
          - jobs.build.steps.[5].uses
external: []
local:
  - path: ./.github/workflows/ci-template.yaml
    occurrences:
      .github/workflows/ci.yaml:
        - jobs.build-on-jdk11.uses
      .github/workflows/nightly.yaml:
        - jobs.build-on-jdk8.uses
docker: []
dynamic: []
